// !$*UTF8*$!
{
	archiveVersion = 1;
	classes = {
	};
	objectVersion = 77;
	objects = {

/* Begin PBXBuildFile section */
		051BD74F9C212682A201483B /* ButtonStyles.swift in Sources */ = {isa = PBXBuildFile; fileRef = 6AC685658C358C21D30C1126 /* ButtonStyles.swift */; };
		0A39E38BC6EFD3E46ACE480A /* LiquidGlassSupport.swift in Sources */ = {isa = PBXBuildFile; fileRef = 4296F3574A1FFC43477129C5 /* LiquidGlassSupport.swift */; };
		0C847E58B4533B14FF7BFF83 /* HighlightCardView.swift in Sources */ = {isa = PBXBuildFile; fileRef = 3877152811B02FE5CAB15095 /* HighlightCardView.swift */; };
		0EA0C490EF881215734D8BC7 /* FragmentaRadius.swift in Sources */ = {isa = PBXBuildFile; fileRef = 4B871F044230C0852DABDF68 /* FragmentaRadius.swift */; };
		0F1379B3623EB75E12E14EA0 /* RequestHeadersProviding.swift in Sources */ = {isa = PBXBuildFile; fileRef = B9C9BE49087AE7A8BE6D5353 /* RequestHeadersProviding.swift */; };
		11524A84604EDC4A245466ED /* ImportPreview.swift in Sources */ = {isa = PBXBuildFile; fileRef = 36E8399395EA6DCD5C3DF072 /* ImportPreview.swift */; };
		127416EF9F14A6D04BB4F310 /* SearchView.swift in Sources */ = {isa = PBXBuildFile; fileRef = CEBCC56A08CF128887A1E433 /* SearchView.swift */; };
		161A934286CC6920ED522BEA /* ImportRequest.swift in Sources */ = {isa = PBXBuildFile; fileRef = 9CB29BF2B71A141A1DE8FB4E /* ImportRequest.swift */; };
		166F3D76C2897E3F1A4F695F /* AppConfig.swift in Sources */ = {isa = PBXBuildFile; fileRef = 2C35B4E44768BE2CBCB1C77B /* AppConfig.swift */; };
		16796422F5DCC1FB0019D090 /* SettingsView.swift in Sources */ = {isa = PBXBuildFile; fileRef = C896AA4546EFE1BF39BE46DB /* SettingsView.swift */; };
		17A2CA48C3E8817F71538D55 /* AppState.swift in Sources */ = {isa = PBXBuildFile; fileRef = B5DD1B8AC3AB5F49A8771B37 /* AppState.swift */; };
		189D4D0CDB35D149573BAC50 /* PreviewFixtures.swift in Sources */ = {isa = PBXBuildFile; fileRef = C3006244A0476B11BA897515 /* PreviewFixtures.swift */; };
		1CB665FDB465510AB3FF8143 /* FragmentaCacheStore.swift in Sources */ = {isa = PBXBuildFile; fileRef = C31F72B926CE39A3C29C8002 /* FragmentaCacheStore.swift */; };
		1D6790564842763346F49734 /* BookShelfCardView.swift in Sources */ = {isa = PBXBuildFile; fileRef = 07603B08ED3CB566D71C5F18 /* BookShelfCardView.swift */; };
		1E17AA097CCCEDA3EE5052CA /* AppPreferencesStore.swift in Sources */ = {isa = PBXBuildFile; fileRef = 79E52B87920AC6B2F5E5318B /* AppPreferencesStore.swift */; };
		215A68FCD41733FC4055C76D /* ScreenBackground.swift in Sources */ = {isa = PBXBuildFile; fileRef = 6F9D23D6DC7A7B0552DCD87B /* ScreenBackground.swift */; };
		218199853CE413D85F68043D /* BookDetail.swift in Sources */ = {isa = PBXBuildFile; fileRef = 34E03609543C4CAE068FFF9A /* BookDetail.swift */; };
		26557B45F2FD1BAC6769FF29 /* String+Fragmenta.swift in Sources */ = {isa = PBXBuildFile; fileRef = BA5BA73DEED1E87CE634CA7E /* String+Fragmenta.swift */; };
		28A07602BC2D21293663C1EA /* SearchViewModel.swift in Sources */ = {isa = PBXBuildFile; fileRef = 8E628C8448FA0E552F37B66E /* SearchViewModel.swift */; };
		2C2F1A8E8B67E075962AA82E /* LibraryViewMode.swift in Sources */ = {isa = PBXBuildFile; fileRef = 1EA4CE516B164A7A3D0547A1 /* LibraryViewMode.swift */; };
		2E8865296CC784961C3C899E /* TextImportLoader.swift in Sources */ = {isa = PBXBuildFile; fileRef = 1FE59F4457B0599B1633366F /* TextImportLoader.swift */; };
		36E2E13F2298F107BFD11C57 /* ImportView.swift in Sources */ = {isa = PBXBuildFile; fileRef = FCA9473CB9A80FA8F261B90E /* ImportView.swift */; };
		393FDC4F18D864C8A2FBD63F /* DiagnosticsStore.swift in Sources */ = {isa = PBXBuildFile; fileRef = 8694F8BB9B8B2FCD30FF3108 /* DiagnosticsStore.swift */; };
		39CDF62D9D80FE996E3DDF53 /* ShareCardService.swift in Sources */ = {isa = PBXBuildFile; fileRef = 24262540769C2BB1E80A90ED /* ShareCardService.swift */; };
		3A1258328E43A6DA11E894AC /* AppContainer.swift in Sources */ = {isa = PBXBuildFile; fileRef = 9B5587B5EB450A8C3091F09A /* AppContainer.swift */; };
		3EFFA6B3CAE8FA5D13D4F872 /* LibraryQuery.swift in Sources */ = {isa = PBXBuildFile; fileRef = A73BB54BBC96403D7AAE3A56 /* LibraryQuery.swift */; };
		474AB8EA86C4A513C22B1EAE /* BookCoverArtView.swift in Sources */ = {isa = PBXBuildFile; fileRef = 6E67DC1A0AADB120F1A48E15 /* BookCoverArtView.swift */; };
		478E9AA263F8A89CFAFC2B70 /* SharedImportStore.swift in Sources */ = {isa = PBXBuildFile; fileRef = 4D27FEB6C4A73FA0B16ECD85 /* SharedImportStore.swift */; };
		48487FA9038F7F563CFC1BA1 /* BookDiscovery.swift in Sources */ = {isa = PBXBuildFile; fileRef = 54064A469AA9E7C5C0BF5A25 /* BookDiscovery.swift */; };
		4E789C8508EA047C1EBF7DAF /* InsightsView.swift in Sources */ = {isa = PBXBuildFile; fileRef = 7B31CDE9654914EB32CF0C64 /* InsightsView.swift */; };
		538A45EBA5AD57FE6D0B3A58 /* ExportArtifact.swift in Sources */ = {isa = PBXBuildFile; fileRef = 972E1C30761303C154FEC64D /* ExportArtifact.swift */; };
		58D6AC0854289D8C1238D7AA /* ReadingInsights.swift in Sources */ = {isa = PBXBuildFile; fileRef = 2A976F1DCEF66326EBC4CF14 /* ReadingInsights.swift */; };
		636485EF05A9ADE3744A0EC3 /* APIError.swift in Sources */ = {isa = PBXBuildFile; fileRef = 16F3CFB8EF91F16C48885FA0 /* APIError.swift */; };
		6EA1342E4643F0B8FFB772F7 /* FragmentaTypography.swift in Sources */ = {isa = PBXBuildFile; fileRef = B4A31D3EFAEB9BF02B0C9A28 /* FragmentaTypography.swift */; };
		6FFDB4FDD7A2B57A00FE17BF /* DiscoveryService.swift in Sources */ = {isa = PBXBuildFile; fileRef = EF4275ECAC7672AE02474083 /* DiscoveryService.swift */; };
		700092B9A959EAD0C51B270A /* PreviewContainer.swift in Sources */ = {isa = PBXBuildFile; fileRef = 63FB59EAD8BD437C6B1B45D3 /* PreviewContainer.swift */; };
		73D124B87B9EED65418B38AF /* ImportRecord.swift in Sources */ = {isa = PBXBuildFile; fileRef = 15550E26071CB3706D7F00E9 /* ImportRecord.swift */; };
		79369803933D6378A40B3ED3 /* String+Fragmenta.swift in Sources */ = {isa = PBXBuildFile; fileRef = BA5BA73DEED1E87CE634CA7E /* String+Fragmenta.swift */; };
		7DD88743F16D52190D26A4C4 /* Codable+Fragmenta.swift in Sources */ = {isa = PBXBuildFile; fileRef = 1B29FCFCDA0EF30F90AFC444 /* Codable+Fragmenta.swift */; };
		7DEC3A38C1ACB8F8E0B4A3FF /* Collection.swift in Sources */ = {isa = PBXBuildFile; fileRef = D0FEF94876D62AAE6AAF0D9A /* Collection.swift */; };
		7E888AB87FFE7E2FAAA57F4F /* Highlight.swift in Sources */ = {isa = PBXBuildFile; fileRef = DBA1F1E6592D6558910B2EE9 /* Highlight.swift */; };
		85045650A1975D45503C33C7 /* SettingsViewModel.swift in Sources */ = {isa = PBXBuildFile; fileRef = 9D0A0DC8C680662A9B1C11D4 /* SettingsViewModel.swift */; };
		87D011C3DCC94D147A790887 /* Assets.xcassets in Resources */ = {isa = PBXBuildFile; fileRef = 580A955398939BC4D1030844 /* Assets.xcassets */; };
		880507A0392BE49903053E7B /* Date+FragmentaFormatting.swift in Sources */ = {isa = PBXBuildFile; fileRef = 2EDCFBA48D596CF0E5E2A153 /* Date+FragmentaFormatting.swift */; };
		90E546CAF0F336369FD168B2 /* FragmentaColor.swift in Sources */ = {isa = PBXBuildFile; fileRef = FC27FA2EC14D87DD1A45B5F6 /* FragmentaColor.swift */; };
		9269D2B8F4BED7B77BD9186C /* KindleDocumentPicker.swift in Sources */ = {isa = PBXBuildFile; fileRef = 83199A16D5C2E654F5E9DF49 /* KindleDocumentPicker.swift */; };
		9321813A42E2297378DAC1F2 /* ImportViewModel.swift in Sources */ = {isa = PBXBuildFile; fileRef = CA9CF180C80C9F37CC95261F /* ImportViewModel.swift */; };
		94D20A771400FE83B4DEF2A7 /* InsightsViewModel.swift in Sources */ = {isa = PBXBuildFile; fileRef = C368BB8AE0D480250F7B43A4 /* InsightsViewModel.swift */; };
		96AFE5BBE842AF46662FCD7B /* IncomingImportDraft.swift in Sources */ = {isa = PBXBuildFile; fileRef = B76260CF7D844675AEEED6FD /* IncomingImportDraft.swift */; };
		9793A57BEE638570ED4F372C /* LibraryView.swift in Sources */ = {isa = PBXBuildFile; fileRef = 788794F27EA8A235AEBEF276 /* LibraryView.swift */; };
		98E6B07AE6B722F04188E6AD /* ExportService.swift in Sources */ = {isa = PBXBuildFile; fileRef = 8ED7FE32627CA10A11B2B226 /* ExportService.swift */; };
		98F94AF3FBC8CF91531B1BAB /* ShareCardArtifact.swift in Sources */ = {isa = PBXBuildFile; fileRef = 58C61415FCA16F7A8E85AC64 /* ShareCardArtifact.swift */; };
		9E6223A570CF209BB594E02E /* BookDetailView.swift in Sources */ = {isa = PBXBuildFile; fileRef = 9543FDC6CBE35F721C4D4A00 /* BookDetailView.swift */; };
		9FABB1C4F1DAB44A98DF753C /* TextImportLoader.swift in Sources */ = {isa = PBXBuildFile; fileRef = 1FE59F4457B0599B1633366F /* TextImportLoader.swift */; };
		A610C532AC779FD8A434F2B9 /* APIEndpoint.swift in Sources */ = {isa = PBXBuildFile; fileRef = 59711E33DB4BE51244DDF15A /* APIEndpoint.swift */; };
		A9DA223EC8F3096ECDAE5ACB /* AnyEncodable.swift in Sources */ = {isa = PBXBuildFile; fileRef = 038F7AC02232CF103B66E4B3 /* AnyEncodable.swift */; };
		ABC100091100BDAD2F3D0D46 /* LibraryViewModel.swift in Sources */ = {isa = PBXBuildFile; fileRef = 4AC6AF002D0C04ED74C80725 /* LibraryViewModel.swift */; };
		AF35CABA7F5B1F5B859C640F /* CoverImagePipeline.swift in Sources */ = {isa = PBXBuildFile; fileRef = 18DBF180E7113F840F691681 /* CoverImagePipeline.swift */; };
		B0E2CD91AD7A56E30EB3D24D /* SearchService.swift in Sources */ = {isa = PBXBuildFile; fileRef = C54D609F30B26FE564B2EA2E /* SearchService.swift */; };
		B122FBCE21C43ACC44802978 /* APIClient.swift in Sources */ = {isa = PBXBuildFile; fileRef = C8AAD6CBCB6BB923486BDD6F /* APIClient.swift */; };
		B14FF078CCB62A87EE552141 /* CollectionsView.swift in Sources */ = {isa = PBXBuildFile; fileRef = 5D118CDB5E37B64B673566A8 /* CollectionsView.swift */; };
		B7B9397FB798378955486BF4 /* Pagination.swift in Sources */ = {isa = PBXBuildFile; fileRef = 2C6F303D446D6937E6CACB5C /* Pagination.swift */; };
		BAFBFE53D89EFD6144D9228F /* SharedImportStore.swift in Sources */ = {isa = PBXBuildFile; fileRef = 4D27FEB6C4A73FA0B16ECD85 /* SharedImportStore.swift */; };
		BE51B4AA990ECAFC4047AFB6 /* FragmentaShareExtension.appex in Embed Foundation Extensions */ = {isa = PBXBuildFile; fileRef = 4A2BD6C287EEC8938F475052 /* FragmentaShareExtension.appex */; settings = {ATTRIBUTES = (RemoveHeadersOnCopy, ); }; };
		CF2DCC8911E34E7429119776 /* IncomingImportDraft.swift in Sources */ = {isa = PBXBuildFile; fileRef = B76260CF7D844675AEEED6FD /* IncomingImportDraft.swift */; };
		D03BA7A02117D1B6B08F5C4E /* FragmentaSpacing.swift in Sources */ = {isa = PBXBuildFile; fileRef = 4B98FEE7015F87D81AFE1093 /* FragmentaSpacing.swift */; };
		D237858DFDD768DE69E6494B /* BooksService.swift in Sources */ = {isa = PBXBuildFile; fileRef = 53707378193271663B923AC1 /* BooksService.swift */; };
		D4C03E3D4BA8A364CCD7A0C0 /* LoadableState.swift in Sources */ = {isa = PBXBuildFile; fileRef = 168E2F12BB58A25369EE750E /* LoadableState.swift */; };
		DA1C5F8C18EBEC158CD73D2A /* RootView.swift in Sources */ = {isa = PBXBuildFile; fileRef = BD2C15BB00DB621F32B62F0C /* RootView.swift */; };
		DA8FB679EF9FFE5AF290192E /* HTTPMethod.swift in Sources */ = {isa = PBXBuildFile; fileRef = 549AF81A065BE50E7E729E4C /* HTTPMethod.swift */; };
		E069ED71A1A24909B99F15A2 /* ImportService.swift in Sources */ = {isa = PBXBuildFile; fileRef = 1690F915B022035AD0045B36 /* ImportService.swift */; };
		E2B66CACC5B2E57C12F6902A /* SearchResultRowView.swift in Sources */ = {isa = PBXBuildFile; fileRef = 2B0F6B040B7AE2BB0826BA7C /* SearchResultRowView.swift */; };
		E3304569695B58DDA19F8E81 /* ShareViewController.swift in Sources */ = {isa = PBXBuildFile; fileRef = 11015DDD7787B8F77091D8FB /* ShareViewController.swift */; };
		E3D1301395CD9EACA1E4FF0C /* Codable+Fragmenta.swift in Sources */ = {isa = PBXBuildFile; fileRef = 1B29FCFCDA0EF30F90AFC444 /* Codable+Fragmenta.swift */; };
		EC4D19675E4FD0284BEB95F7 /* HighlightSearchResult.swift in Sources */ = {isa = PBXBuildFile; fileRef = A6A67003218320F348571FAE /* HighlightSearchResult.swift */; };
		EE3B89115946D0B4F8CF9688 /* SearchQuery.swift in Sources */ = {isa = PBXBuildFile; fileRef = 4F78E8631C733B38FC7CBA56 /* SearchQuery.swift */; };
		EE5BE8A35B9D8060A4E4E6BA /* BookDetailViewModel.swift in Sources */ = {isa = PBXBuildFile; fileRef = F1F27A1FFA58D47EF528EACB /* BookDetailViewModel.swift */; };
		EEB33EEE600F01A414A364B9 /* SurfaceStyles.swift in Sources */ = {isa = PBXBuildFile; fileRef = 0B2EA0141553F4B70620C4A3 /* SurfaceStyles.swift */; };
		F1CA8EBCB81AEBE4159FB393 /* ImportResponse.swift in Sources */ = {isa = PBXBuildFile; fileRef = BEC4DF7EF9CFADAD4701350A /* ImportResponse.swift */; };
		F2675F52903DE0E2AB681518 /* CollectionsService.swift in Sources */ = {isa = PBXBuildFile; fileRef = EB9959E1251F31DF62C8CBF6 /* CollectionsService.swift */; };
		F803B87096A6FCCB3B0C3919 /* CollectionsViewModel.swift in Sources */ = {isa = PBXBuildFile; fileRef = 0A6AC867E81180643EA6BC9A /* CollectionsViewModel.swift */; };
		F8E844FAEE29C5A950EB7487 /* Book.swift in Sources */ = {isa = PBXBuildFile; fileRef = EF65D5869344CF4D819FB50B /* Book.swift */; };
		FC5EB812C357CDA893729468 /* InsightsService.swift in Sources */ = {isa = PBXBuildFile; fileRef = DA0C8BFA0F25D3AF068CBDE0 /* InsightsService.swift */; };
		FF4DB0BF3C1F24546C5E73BE /* FragmentaApp.swift in Sources */ = {isa = PBXBuildFile; fileRef = 94497C24A58BCA02DC4BAA36 /* FragmentaApp.swift */; };
/* End PBXBuildFile section */

/* Begin PBXContainerItemProxy section */
		F1F45F5D56C6684024C91947 /* PBXContainerItemProxy */ = {
			isa = PBXContainerItemProxy;
			containerPortal = FC294DC2C1294B856BE1B920 /* Project object */;
			proxyType = 1;
			remoteGlobalIDString = 2C5DECDC4B5EBA386B076524;
			remoteInfo = FragmentaShareExtension;
		};
/* End PBXContainerItemProxy section */

/* Begin PBXCopyFilesBuildPhase section */
		79CA63269E85147AA566AA45 /* Embed Foundation Extensions */ = {
			isa = PBXCopyFilesBuildPhase;
			buildActionMask = 2147483647;
			dstPath = "";
			dstSubfolderSpec = 13;
			files = (
				BE51B4AA990ECAFC4047AFB6 /* FragmentaShareExtension.appex in Embed Foundation Extensions */,
			);
			name = "Embed Foundation Extensions";
			runOnlyForDeploymentPostprocessing = 0;
		};
/* End PBXCopyFilesBuildPhase section */

/* Begin PBXFileReference section */
		038F7AC02232CF103B66E4B3 /* AnyEncodable.swift */ = {isa = PBXFileReference; lastKnownFileType = sourcecode.swift; path = AnyEncodable.swift; sourceTree = "<group>"; };
		07603B08ED3CB566D71C5F18 /* BookShelfCardView.swift */ = {isa = PBXFileReference; lastKnownFileType = sourcecode.swift; path = BookShelfCardView.swift; sourceTree = "<group>"; };
		0A6AC867E81180643EA6BC9A /* CollectionsViewModel.swift */ = {isa = PBXFileReference; lastKnownFileType = sourcecode.swift; path = CollectionsViewModel.swift; sourceTree = "<group>"; };
		0B2EA0141553F4B70620C4A3 /* SurfaceStyles.swift */ = {isa = PBXFileReference; lastKnownFileType = sourcecode.swift; path = SurfaceStyles.swift; sourceTree = "<group>"; };
		11015DDD7787B8F77091D8FB /* ShareViewController.swift */ = {isa = PBXFileReference; lastKnownFileType = sourcecode.swift; path = ShareViewController.swift; sourceTree = "<group>"; };
		15550E26071CB3706D7F00E9 /* ImportRecord.swift */ = {isa = PBXFileReference; lastKnownFileType = sourcecode.swift; path = ImportRecord.swift; sourceTree = "<group>"; };
		168E2F12BB58A25369EE750E /* LoadableState.swift */ = {isa = PBXFileReference; lastKnownFileType = sourcecode.swift; path = LoadableState.swift; sourceTree = "<group>"; };
		1690F915B022035AD0045B36 /* ImportService.swift */ = {isa = PBXFileReference; lastKnownFileType = sourcecode.swift; path = ImportService.swift; sourceTree = "<group>"; };
		16F3CFB8EF91F16C48885FA0 /* APIError.swift */ = {isa = PBXFileReference; lastKnownFileType = sourcecode.swift; path = APIError.swift; sourceTree = "<group>"; };
		1895C869884D9D4ADC3C7402 /* Fragmenta.app */ = {isa = PBXFileReference; includeInIndex = 0; lastKnownFileType = wrapper.application; path = Fragmenta.app; sourceTree = BUILT_PRODUCTS_DIR; };
		18DBF180E7113F840F691681 /* CoverImagePipeline.swift */ = {isa = PBXFileReference; lastKnownFileType = sourcecode.swift; path = CoverImagePipeline.swift; sourceTree = "<group>"; };
		1B29FCFCDA0EF30F90AFC444 /* Codable+Fragmenta.swift */ = {isa = PBXFileReference; lastKnownFileType = sourcecode.swift; path = "Codable+Fragmenta.swift"; sourceTree = "<group>"; };
		1EA4CE516B164A7A3D0547A1 /* LibraryViewMode.swift */ = {isa = PBXFileReference; lastKnownFileType = sourcecode.swift; path = LibraryViewMode.swift; sourceTree = "<group>"; };
		1FE59F4457B0599B1633366F /* TextImportLoader.swift */ = {isa = PBXFileReference; lastKnownFileType = sourcecode.swift; path = TextImportLoader.swift; sourceTree = "<group>"; };
		24262540769C2BB1E80A90ED /* ShareCardService.swift */ = {isa = PBXFileReference; lastKnownFileType = sourcecode.swift; path = ShareCardService.swift; sourceTree = "<group>"; };
		272E23610A47899026811352 /* Debug.xcconfig */ = {isa = PBXFileReference; lastKnownFileType = text.xcconfig; path = Debug.xcconfig; sourceTree = "<group>"; };
		2A976F1DCEF66326EBC4CF14 /* ReadingInsights.swift */ = {isa = PBXFileReference; lastKnownFileType = sourcecode.swift; path = ReadingInsights.swift; sourceTree = "<group>"; };
		2B0F6B040B7AE2BB0826BA7C /* SearchResultRowView.swift */ = {isa = PBXFileReference; lastKnownFileType = sourcecode.swift; path = SearchResultRowView.swift; sourceTree = "<group>"; };
		2C35B4E44768BE2CBCB1C77B /* AppConfig.swift */ = {isa = PBXFileReference; lastKnownFileType = sourcecode.swift; path = AppConfig.swift; sourceTree = "<group>"; };
		2C6F303D446D6937E6CACB5C /* Pagination.swift */ = {isa = PBXFileReference; lastKnownFileType = sourcecode.swift; path = Pagination.swift; sourceTree = "<group>"; };
		2EDCFBA48D596CF0E5E2A153 /* Date+FragmentaFormatting.swift */ = {isa = PBXFileReference; lastKnownFileType = sourcecode.swift; path = "Date+FragmentaFormatting.swift"; sourceTree = "<group>"; };
		34E03609543C4CAE068FFF9A /* BookDetail.swift */ = {isa = PBXFileReference; lastKnownFileType = sourcecode.swift; path = BookDetail.swift; sourceTree = "<group>"; };
		36E8399395EA6DCD5C3DF072 /* ImportPreview.swift */ = {isa = PBXFileReference; lastKnownFileType = sourcecode.swift; path = ImportPreview.swift; sourceTree = "<group>"; };
		3877152811B02FE5CAB15095 /* HighlightCardView.swift */ = {isa = PBXFileReference; lastKnownFileType = sourcecode.swift; path = HighlightCardView.swift; sourceTree = "<group>"; };
		4296F3574A1FFC43477129C5 /* LiquidGlassSupport.swift */ = {isa = PBXFileReference; lastKnownFileType = sourcecode.swift; path = LiquidGlassSupport.swift; sourceTree = "<group>"; };
		4A2BD6C287EEC8938F475052 /* FragmentaShareExtension.appex */ = {isa = PBXFileReference; includeInIndex = 0; lastKnownFileType = "wrapper.app-extension"; path = FragmentaShareExtension.appex; sourceTree = BUILT_PRODUCTS_DIR; };
		4AC6AF002D0C04ED74C80725 /* LibraryViewModel.swift */ = {isa = PBXFileReference; lastKnownFileType = sourcecode.swift; path = LibraryViewModel.swift; sourceTree = "<group>"; };
		4B871F044230C0852DABDF68 /* FragmentaRadius.swift */ = {isa = PBXFileReference; lastKnownFileType = sourcecode.swift; path = FragmentaRadius.swift; sourceTree = "<group>"; };
		4B98FEE7015F87D81AFE1093 /* FragmentaSpacing.swift */ = {isa = PBXFileReference; lastKnownFileType = sourcecode.swift; path = FragmentaSpacing.swift; sourceTree = "<group>"; };
		4D27FEB6C4A73FA0B16ECD85 /* SharedImportStore.swift */ = {isa = PBXFileReference; lastKnownFileType = sourcecode.swift; path = SharedImportStore.swift; sourceTree = "<group>"; };
		4F78E8631C733B38FC7CBA56 /* SearchQuery.swift */ = {isa = PBXFileReference; lastKnownFileType = sourcecode.swift; path = SearchQuery.swift; sourceTree = "<group>"; };
		53707378193271663B923AC1 /* BooksService.swift */ = {isa = PBXFileReference; lastKnownFileType = sourcecode.swift; path = BooksService.swift; sourceTree = "<group>"; };
		54064A469AA9E7C5C0BF5A25 /* BookDiscovery.swift */ = {isa = PBXFileReference; lastKnownFileType = sourcecode.swift; path = BookDiscovery.swift; sourceTree = "<group>"; };
		549AF81A065BE50E7E729E4C /* HTTPMethod.swift */ = {isa = PBXFileReference; lastKnownFileType = sourcecode.swift; path = HTTPMethod.swift; sourceTree = "<group>"; };
		580A955398939BC4D1030844 /* Assets.xcassets */ = {isa = PBXFileReference; lastKnownFileType = folder.assetcatalog; path = Assets.xcassets; sourceTree = "<group>"; };
		58C61415FCA16F7A8E85AC64 /* ShareCardArtifact.swift */ = {isa = PBXFileReference; lastKnownFileType = sourcecode.swift; path = ShareCardArtifact.swift; sourceTree = "<group>"; };
		59711E33DB4BE51244DDF15A /* APIEndpoint.swift */ = {isa = PBXFileReference; lastKnownFileType = sourcecode.swift; path = APIEndpoint.swift; sourceTree = "<group>"; };
		5D118CDB5E37B64B673566A8 /* CollectionsView.swift */ = {isa = PBXFileReference; lastKnownFileType = sourcecode.swift; path = CollectionsView.swift; sourceTree = "<group>"; };
		63FB59EAD8BD437C6B1B45D3 /* PreviewContainer.swift */ = {isa = PBXFileReference; lastKnownFileType = sourcecode.swift; path = PreviewContainer.swift; sourceTree = "<group>"; };
		6AC685658C358C21D30C1126 /* ButtonStyles.swift */ = {isa = PBXFileReference; lastKnownFileType = sourcecode.swift; path = ButtonStyles.swift; sourceTree = "<group>"; };
		6E67DC1A0AADB120F1A48E15 /* BookCoverArtView.swift */ = {isa = PBXFileReference; lastKnownFileType = sourcecode.swift; path = BookCoverArtView.swift; sourceTree = "<group>"; };
		6F9D23D6DC7A7B0552DCD87B /* ScreenBackground.swift */ = {isa = PBXFileReference; lastKnownFileType = sourcecode.swift; path = ScreenBackground.swift; sourceTree = "<group>"; };
		788794F27EA8A235AEBEF276 /* LibraryView.swift */ = {isa = PBXFileReference; lastKnownFileType = sourcecode.swift; path = LibraryView.swift; sourceTree = "<group>"; };
		79E52B87920AC6B2F5E5318B /* AppPreferencesStore.swift */ = {isa = PBXFileReference; lastKnownFileType = sourcecode.swift; path = AppPreferencesStore.swift; sourceTree = "<group>"; };
		7B31CDE9654914EB32CF0C64 /* InsightsView.swift */ = {isa = PBXFileReference; lastKnownFileType = sourcecode.swift; path = InsightsView.swift; sourceTree = "<group>"; };
		83199A16D5C2E654F5E9DF49 /* KindleDocumentPicker.swift */ = {isa = PBXFileReference; lastKnownFileType = sourcecode.swift; path = KindleDocumentPicker.swift; sourceTree = "<group>"; };
		8694F8BB9B8B2FCD30FF3108 /* DiagnosticsStore.swift */ = {isa = PBXFileReference; lastKnownFileType = sourcecode.swift; path = DiagnosticsStore.swift; sourceTree = "<group>"; };
		8E628C8448FA0E552F37B66E /* SearchViewModel.swift */ = {isa = PBXFileReference; lastKnownFileType = sourcecode.swift; path = SearchViewModel.swift; sourceTree = "<group>"; };
		8ED7FE32627CA10A11B2B226 /* ExportService.swift */ = {isa = PBXFileReference; lastKnownFileType = sourcecode.swift; path = ExportService.swift; sourceTree = "<group>"; };
		94497C24A58BCA02DC4BAA36 /* FragmentaApp.swift */ = {isa = PBXFileReference; lastKnownFileType = sourcecode.swift; path = FragmentaApp.swift; sourceTree = "<group>"; };
		9543FDC6CBE35F721C4D4A00 /* BookDetailView.swift */ = {isa = PBXFileReference; lastKnownFileType = sourcecode.swift; path = BookDetailView.swift; sourceTree = "<group>"; };
		972E1C30761303C154FEC64D /* ExportArtifact.swift */ = {isa = PBXFileReference; lastKnownFileType = sourcecode.swift; path = ExportArtifact.swift; sourceTree = "<group>"; };
		9B5587B5EB450A8C3091F09A /* AppContainer.swift */ = {isa = PBXFileReference; lastKnownFileType = sourcecode.swift; path = AppContainer.swift; sourceTree = "<group>"; };
		9CB29BF2B71A141A1DE8FB4E /* ImportRequest.swift */ = {isa = PBXFileReference; lastKnownFileType = sourcecode.swift; path = ImportRequest.swift; sourceTree = "<group>"; };
		9D0A0DC8C680662A9B1C11D4 /* SettingsViewModel.swift */ = {isa = PBXFileReference; lastKnownFileType = sourcecode.swift; path = SettingsViewModel.swift; sourceTree = "<group>"; };
		A6A67003218320F348571FAE /* HighlightSearchResult.swift */ = {isa = PBXFileReference; lastKnownFileType = sourcecode.swift; path = HighlightSearchResult.swift; sourceTree = "<group>"; };
		A73BB54BBC96403D7AAE3A56 /* LibraryQuery.swift */ = {isa = PBXFileReference; lastKnownFileType = sourcecode.swift; path = LibraryQuery.swift; sourceTree = "<group>"; };
		B4A31D3EFAEB9BF02B0C9A28 /* FragmentaTypography.swift */ = {isa = PBXFileReference; lastKnownFileType = sourcecode.swift; path = FragmentaTypography.swift; sourceTree = "<group>"; };
		B5DD1B8AC3AB5F49A8771B37 /* AppState.swift */ = {isa = PBXFileReference; lastKnownFileType = sourcecode.swift; path = AppState.swift; sourceTree = "<group>"; };
		B76260CF7D844675AEEED6FD /* IncomingImportDraft.swift */ = {isa = PBXFileReference; lastKnownFileType = sourcecode.swift; path = IncomingImportDraft.swift; sourceTree = "<group>"; };
		B9C9BE49087AE7A8BE6D5353 /* RequestHeadersProviding.swift */ = {isa = PBXFileReference; lastKnownFileType = sourcecode.swift; path = RequestHeadersProviding.swift; sourceTree = "<group>"; };
		BA5BA73DEED1E87CE634CA7E /* String+Fragmenta.swift */ = {isa = PBXFileReference; lastKnownFileType = sourcecode.swift; path = "String+Fragmenta.swift"; sourceTree = "<group>"; };
		BD2C15BB00DB621F32B62F0C /* RootView.swift */ = {isa = PBXFileReference; lastKnownFileType = sourcecode.swift; path = RootView.swift; sourceTree = "<group>"; };
		BEC4DF7EF9CFADAD4701350A /* ImportResponse.swift */ = {isa = PBXFileReference; lastKnownFileType = sourcecode.swift; path = ImportResponse.swift; sourceTree = "<group>"; };
		C3006244A0476B11BA897515 /* PreviewFixtures.swift */ = {isa = PBXFileReference; lastKnownFileType = sourcecode.swift; path = PreviewFixtures.swift; sourceTree = "<group>"; };
		C31F72B926CE39A3C29C8002 /* FragmentaCacheStore.swift */ = {isa = PBXFileReference; lastKnownFileType = sourcecode.swift; path = FragmentaCacheStore.swift; sourceTree = "<group>"; };
		C368BB8AE0D480250F7B43A4 /* InsightsViewModel.swift */ = {isa = PBXFileReference; lastKnownFileType = sourcecode.swift; path = InsightsViewModel.swift; sourceTree = "<group>"; };
		C54D609F30B26FE564B2EA2E /* SearchService.swift */ = {isa = PBXFileReference; lastKnownFileType = sourcecode.swift; path = SearchService.swift; sourceTree = "<group>"; };
		C896AA4546EFE1BF39BE46DB /* SettingsView.swift */ = {isa = PBXFileReference; lastKnownFileType = sourcecode.swift; path = SettingsView.swift; sourceTree = "<group>"; };
		C8AAD6CBCB6BB923486BDD6F /* APIClient.swift */ = {isa = PBXFileReference; lastKnownFileType = sourcecode.swift; path = APIClient.swift; sourceTree = "<group>"; };
		CA9CF180C80C9F37CC95261F /* ImportViewModel.swift */ = {isa = PBXFileReference; lastKnownFileType = sourcecode.swift; path = ImportViewModel.swift; sourceTree = "<group>"; };
		CD720D9647582D248D9E1ABC /* Release.xcconfig */ = {isa = PBXFileReference; lastKnownFileType = text.xcconfig; path = Release.xcconfig; sourceTree = "<group>"; };
		CEBCC56A08CF128887A1E433 /* SearchView.swift */ = {isa = PBXFileReference; lastKnownFileType = sourcecode.swift; path = SearchView.swift; sourceTree = "<group>"; };
		D0FEF94876D62AAE6AAF0D9A /* Collection.swift */ = {isa = PBXFileReference; lastKnownFileType = sourcecode.swift; path = Collection.swift; sourceTree = "<group>"; };
		DA0C8BFA0F25D3AF068CBDE0 /* InsightsService.swift */ = {isa = PBXFileReference; lastKnownFileType = sourcecode.swift; path = InsightsService.swift; sourceTree = "<group>"; };
		DBA1F1E6592D6558910B2EE9 /* Highlight.swift */ = {isa = PBXFileReference; lastKnownFileType = sourcecode.swift; path = Highlight.swift; sourceTree = "<group>"; };
		EB9959E1251F31DF62C8CBF6 /* CollectionsService.swift */ = {isa = PBXFileReference; lastKnownFileType = sourcecode.swift; path = CollectionsService.swift; sourceTree = "<group>"; };
		EF4275ECAC7672AE02474083 /* DiscoveryService.swift */ = {isa = PBXFileReference; lastKnownFileType = sourcecode.swift; path = DiscoveryService.swift; sourceTree = "<group>"; };
		EF65D5869344CF4D819FB50B /* Book.swift */ = {isa = PBXFileReference; lastKnownFileType = sourcecode.swift; path = Book.swift; sourceTree = "<group>"; };
		F1F27A1FFA58D47EF528EACB /* BookDetailViewModel.swift */ = {isa = PBXFileReference; lastKnownFileType = sourcecode.swift; path = BookDetailViewModel.swift; sourceTree = "<group>"; };
		FC27FA2EC14D87DD1A45B5F6 /* FragmentaColor.swift */ = {isa = PBXFileReference; lastKnownFileType = sourcecode.swift; path = FragmentaColor.swift; sourceTree = "<group>"; };
		FCA9473CB9A80FA8F261B90E /* ImportView.swift */ = {isa = PBXFileReference; lastKnownFileType = sourcecode.swift; path = ImportView.swift; sourceTree = "<group>"; };
/* End PBXFileReference section */

/* Begin PBXGroup section */
		0A9A10A26287AA7A15894354 = {
			isa = PBXGroup;
			children = (
				32C1D8E56E08F04E226BC449 /* Config */,
				92AA01F8156FA53AEA3943F6 /* Fragmenta */,
				BF50BA6D4F992A854F5FCD04 /* FragmentaShareExtension */,
				D31000B437D87B4317A62D88 /* Products */,
			);
			sourceTree = "<group>";
		};
		0B948E1DF606D64EFAC57A1B /* API */ = {
			isa = PBXGroup;
			children = (
				038F7AC02232CF103B66E4B3 /* AnyEncodable.swift */,
				C8AAD6CBCB6BB923486BDD6F /* APIClient.swift */,
				59711E33DB4BE51244DDF15A /* APIEndpoint.swift */,
				549AF81A065BE50E7E729E4C /* HTTPMethod.swift */,
				B9C9BE49087AE7A8BE6D5353 /* RequestHeadersProviding.swift */,
			);
			path = API;
			sourceTree = "<group>";
		};
		1D76B11B02EBDEB982F03ED3 /* Insights */ = {
			isa = PBXGroup;
			children = (
				7B31CDE9654914EB32CF0C64 /* InsightsView.swift */,
				C368BB8AE0D480250F7B43A4 /* InsightsViewModel.swift */,
			);
			path = Insights;
			sourceTree = "<group>";
		};
		32C1D8E56E08F04E226BC449 /* Config */ = {
			isa = PBXGroup;
			children = (
				272E23610A47899026811352 /* Debug.xcconfig */,
				CD720D9647582D248D9E1ABC /* Release.xcconfig */,
			);
			path = Config;
			sourceTree = "<group>";
		};
		38B381D5D681CCDB60F99297 /* Import */ = {
			isa = PBXGroup;
			children = (
				FCA9473CB9A80FA8F261B90E /* ImportView.swift */,
				CA9CF180C80C9F37CC95261F /* ImportViewModel.swift */,
				83199A16D5C2E654F5E9DF49 /* KindleDocumentPicker.swift */,
			);
			path = Import;
			sourceTree = "<group>";
		};
		408FDC505D8DCE1DBF141F28 /* Collections */ = {
			isa = PBXGroup;
			children = (
				5D118CDB5E37B64B673566A8 /* CollectionsView.swift */,
				0A6AC867E81180643EA6BC9A /* CollectionsViewModel.swift */,
			);
			path = Collections;
			sourceTree = "<group>";
		};
		59BE03ADBF9C1F2D623F9749 /* Models */ = {
			isa = PBXGroup;
			children = (
				16F3CFB8EF91F16C48885FA0 /* APIError.swift */,
				2C35B4E44768BE2CBCB1C77B /* AppConfig.swift */,
				EF65D5869344CF4D819FB50B /* Book.swift */,
				34E03609543C4CAE068FFF9A /* BookDetail.swift */,
				54064A469AA9E7C5C0BF5A25 /* BookDiscovery.swift */,
				D0FEF94876D62AAE6AAF0D9A /* Collection.swift */,
				972E1C30761303C154FEC64D /* ExportArtifact.swift */,
				DBA1F1E6592D6558910B2EE9 /* Highlight.swift */,
				A6A67003218320F348571FAE /* HighlightSearchResult.swift */,
				36E8399395EA6DCD5C3DF072 /* ImportPreview.swift */,
				15550E26071CB3706D7F00E9 /* ImportRecord.swift */,
				9CB29BF2B71A141A1DE8FB4E /* ImportRequest.swift */,
				BEC4DF7EF9CFADAD4701350A /* ImportResponse.swift */,
				A73BB54BBC96403D7AAE3A56 /* LibraryQuery.swift */,
				2C6F303D446D6937E6CACB5C /* Pagination.swift */,
				2A976F1DCEF66326EBC4CF14 /* ReadingInsights.swift */,
				4F78E8631C733B38FC7CBA56 /* SearchQuery.swift */,
				58C61415FCA16F7A8E85AC64 /* ShareCardArtifact.swift */,
			);
			path = Models;
			sourceTree = "<group>";
		};
		5A859642D2B5530774BD8B56 /* ImportIntake */ = {
			isa = PBXGroup;
			children = (
				B76260CF7D844675AEEED6FD /* IncomingImportDraft.swift */,
				4D27FEB6C4A73FA0B16ECD85 /* SharedImportStore.swift */,
				1FE59F4457B0599B1633366F /* TextImportLoader.swift */,
			);
			path = ImportIntake;
			sourceTree = "<group>";
		};
		718B8233B51A70652B923E61 /* Resources */ = {
			isa = PBXGroup;
			children = (
				580A955398939BC4D1030844 /* Assets.xcassets */,
			);
			path = Resources;
			sourceTree = "<group>";
		};
		7A2BC6BD4168087E3B27D56F /* Settings */ = {
			isa = PBXGroup;
			children = (
				C896AA4546EFE1BF39BE46DB /* SettingsView.swift */,
				9D0A0DC8C680662A9B1C11D4 /* SettingsViewModel.swift */,
			);
			path = Settings;
			sourceTree = "<group>";
		};
		8FD195F74CF7D75D7D97AF7B /* Highlights */ = {
			isa = PBXGroup;
			children = (
				9543FDC6CBE35F721C4D4A00 /* BookDetailView.swift */,
				F1F27A1FFA58D47EF528EACB /* BookDetailViewModel.swift */,
				3877152811B02FE5CAB15095 /* HighlightCardView.swift */,
			);
			path = Highlights;
			sourceTree = "<group>";
		};
		92AA01F8156FA53AEA3943F6 /* Fragmenta */ = {
			isa = PBXGroup;
			children = (
				A47696379CF319A45EBAC9AA /* App */,
				A8D7B3C9B0CFC0AF06BAB8E2 /* Core */,
				F55A681E9467CBEA3AA88F3E /* DesignSystem */,
				E08C1BFDD929812F61C47420 /* Features */,
				59BE03ADBF9C1F2D623F9749 /* Models */,
				718B8233B51A70652B923E61 /* Resources */,
				F780A9EFDD5DA7BB567F5E1D /* Services */,
				E0D518464BE64F4FC0BD0DBA /* Utilities */,
			);
			path = Fragmenta;
			sourceTree = "<group>";
		};
		A47696379CF319A45EBAC9AA /* App */ = {
			isa = PBXGroup;
			children = (
				94497C24A58BCA02DC4BAA36 /* FragmentaApp.swift */,
				BD2C15BB00DB621F32B62F0C /* RootView.swift */,
			);
			path = App;
			sourceTree = "<group>";
		};
		A8D7B3C9B0CFC0AF06BAB8E2 /* Core */ = {
			isa = PBXGroup;
			children = (
				9B5587B5EB450A8C3091F09A /* AppContainer.swift */,
				79E52B87920AC6B2F5E5318B /* AppPreferencesStore.swift */,
				B5DD1B8AC3AB5F49A8771B37 /* AppState.swift */,
				8694F8BB9B8B2FCD30FF3108 /* DiagnosticsStore.swift */,
				C31F72B926CE39A3C29C8002 /* FragmentaCacheStore.swift */,
				EE7628AB733F58A706BD6AD0 /* Images */,
				5A859642D2B5530774BD8B56 /* ImportIntake */,
			);
			path = Core;
			sourceTree = "<group>";
		};
		BF50BA6D4F992A854F5FCD04 /* FragmentaShareExtension */ = {
			isa = PBXGroup;
			children = (
				11015DDD7787B8F77091D8FB /* ShareViewController.swift */,
			);
			path = FragmentaShareExtension;
			sourceTree = "<group>";
		};
		C65911E5AF3E1FC397105F7E /* Search */ = {
			isa = PBXGroup;
			children = (
				2B0F6B040B7AE2BB0826BA7C /* SearchResultRowView.swift */,
				CEBCC56A08CF128887A1E433 /* SearchView.swift */,
				8E628C8448FA0E552F37B66E /* SearchViewModel.swift */,
			);
			path = Search;
			sourceTree = "<group>";
		};
		D31000B437D87B4317A62D88 /* Products */ = {
			isa = PBXGroup;
			children = (
				1895C869884D9D4ADC3C7402 /* Fragmenta.app */,
				4A2BD6C287EEC8938F475052 /* FragmentaShareExtension.appex */,
			);
			name = Products;
			sourceTree = "<group>";
		};
		E08C1BFDD929812F61C47420 /* Features */ = {
			isa = PBXGroup;
			children = (
				408FDC505D8DCE1DBF141F28 /* Collections */,
				8FD195F74CF7D75D7D97AF7B /* Highlights */,
				38B381D5D681CCDB60F99297 /* Import */,
				1D76B11B02EBDEB982F03ED3 /* Insights */,
				FD27B4048D533FED59AD9D7E /* Library */,
				C65911E5AF3E1FC397105F7E /* Search */,
				7A2BC6BD4168087E3B27D56F /* Settings */,
			);
			path = Features;
			sourceTree = "<group>";
		};
		E0D518464BE64F4FC0BD0DBA /* Utilities */ = {
			isa = PBXGroup;
			children = (
				1B29FCFCDA0EF30F90AFC444 /* Codable+Fragmenta.swift */,
				2EDCFBA48D596CF0E5E2A153 /* Date+FragmentaFormatting.swift */,
				168E2F12BB58A25369EE750E /* LoadableState.swift */,
				BA5BA73DEED1E87CE634CA7E /* String+Fragmenta.swift */,
				E1F2CD8108BD7081A411AC7A /* PreviewSupport */,
			);
			path = Utilities;
			sourceTree = "<group>";
		};
		E1F2CD8108BD7081A411AC7A /* PreviewSupport */ = {
			isa = PBXGroup;
			children = (
				63FB59EAD8BD437C6B1B45D3 /* PreviewContainer.swift */,
				C3006244A0476B11BA897515 /* PreviewFixtures.swift */,
			);
			path = PreviewSupport;
			sourceTree = "<group>";
		};
		EE7628AB733F58A706BD6AD0 /* Images */ = {
			isa = PBXGroup;
			children = (
				18DBF180E7113F840F691681 /* CoverImagePipeline.swift */,
			);
			path = Images;
			sourceTree = "<group>";
		};
		F55A681E9467CBEA3AA88F3E /* DesignSystem */ = {
			isa = PBXGroup;
			children = (
				6AC685658C358C21D30C1126 /* ButtonStyles.swift */,
				FC27FA2EC14D87DD1A45B5F6 /* FragmentaColor.swift */,
				4B871F044230C0852DABDF68 /* FragmentaRadius.swift */,
				4B98FEE7015F87D81AFE1093 /* FragmentaSpacing.swift */,
				B4A31D3EFAEB9BF02B0C9A28 /* FragmentaTypography.swift */,
				4296F3574A1FFC43477129C5 /* LiquidGlassSupport.swift */,
				6F9D23D6DC7A7B0552DCD87B /* ScreenBackground.swift */,
				0B2EA0141553F4B70620C4A3 /* SurfaceStyles.swift */,
			);
			path = DesignSystem;
			sourceTree = "<group>";
		};
		F780A9EFDD5DA7BB567F5E1D /* Services */ = {
			isa = PBXGroup;
			children = (
				53707378193271663B923AC1 /* BooksService.swift */,
				EB9959E1251F31DF62C8CBF6 /* CollectionsService.swift */,
				EF4275ECAC7672AE02474083 /* DiscoveryService.swift */,
				8ED7FE32627CA10A11B2B226 /* ExportService.swift */,
				1690F915B022035AD0045B36 /* ImportService.swift */,
				DA0C8BFA0F25D3AF068CBDE0 /* InsightsService.swift */,
				C54D609F30B26FE564B2EA2E /* SearchService.swift */,
				24262540769C2BB1E80A90ED /* ShareCardService.swift */,
				0B948E1DF606D64EFAC57A1B /* API */,
			);
			path = Services;
			sourceTree = "<group>";
		};
		FD27B4048D533FED59AD9D7E /* Library */ = {
			isa = PBXGroup;
			children = (
				6E67DC1A0AADB120F1A48E15 /* BookCoverArtView.swift */,
				07603B08ED3CB566D71C5F18 /* BookShelfCardView.swift */,
				788794F27EA8A235AEBEF276 /* LibraryView.swift */,
				1EA4CE516B164A7A3D0547A1 /* LibraryViewMode.swift */,
				4AC6AF002D0C04ED74C80725 /* LibraryViewModel.swift */,
			);
			path = Library;
			sourceTree = "<group>";
		};
/* End PBXGroup section */

/* Begin PBXNativeTarget section */
		25726204A0C998E67810574E /* Fragmenta */ = {
			isa = PBXNativeTarget;
			buildConfigurationList = 87819496601E09C53A6C36B9 /* Build configuration list for PBXNativeTarget "Fragmenta" */;
			buildPhases = (
				5DFDE5FFAE7B2A72A0A79786 /* Sources */,
				BACB16E942D359E0978EF984 /* Resources */,
				79CA63269E85147AA566AA45 /* Embed Foundation Extensions */,
			);
			buildRules = (
			);
			dependencies = (
				402470F6CE09E167FA2B2F27 /* PBXTargetDependency */,
			);
			name = Fragmenta;
			packageProductDependencies = (
			);
			productName = Fragmenta;
			productReference = 1895C869884D9D4ADC3C7402 /* Fragmenta.app */;
			productType = "com.apple.product-type.application";
		};
		2C5DECDC4B5EBA386B076524 /* FragmentaShareExtension */ = {
			isa = PBXNativeTarget;
			buildConfigurationList = 64BB6E2D9BC4A6DDE466A9A2 /* Build configuration list for PBXNativeTarget "FragmentaShareExtension" */;
			buildPhases = (
				08937AADF92F9520B020F471 /* Sources */,
			);
			buildRules = (
			);
			dependencies = (
			);
			name = FragmentaShareExtension;
			packageProductDependencies = (
			);
			productName = FragmentaShareExtension;
			productReference = 4A2BD6C287EEC8938F475052 /* FragmentaShareExtension.appex */;
			productType = "com.apple.product-type.app-extension";
		};
/* End PBXNativeTarget section */

/* Begin PBXProject section */
		FC294DC2C1294B856BE1B920 /* Project object */ = {
			isa = PBXProject;
			attributes = {
				BuildIndependentTargetsInParallel = YES;
				LastUpgradeCheck = 1430;
				TargetAttributes = {
					25726204A0C998E67810574E = {
						DevelopmentTeam = "";
						ProvisioningStyle = Automatic;
					};
					2C5DECDC4B5EBA386B076524 = {
						DevelopmentTeam = "";
						ProvisioningStyle = Automatic;
					};
				};
			};
			buildConfigurationList = ED78957B24F91F0781004DA9 /* Build configuration list for PBXProject "Fragmenta" */;
			developmentRegion = en;
			hasScannedForEncodings = 0;
			knownRegions = (
				Base,
				en,
			);
			mainGroup = 0A9A10A26287AA7A15894354;
			minimizedProjectReferenceProxies = 1;
			preferredProjectObjectVersion = 77;
			productRefGroup = D31000B437D87B4317A62D88 /* Products */;
			projectDirPath = "";
			projectRoot = "";
			targets = (
				25726204A0C998E67810574E /* Fragmenta */,
				2C5DECDC4B5EBA386B076524 /* FragmentaShareExtension */,
			);
		};
/* End PBXProject section */

/* Begin PBXResourcesBuildPhase section */
		BACB16E942D359E0978EF984 /* Resources */ = {
			isa = PBXResourcesBuildPhase;
			buildActionMask = 2147483647;
			files = (
				87D011C3DCC94D147A790887 /* Assets.xcassets in Resources */,
			);
			runOnlyForDeploymentPostprocessing = 0;
		};
/* End PBXResourcesBuildPhase section */

/* Begin PBXSourcesBuildPhase section */
		08937AADF92F9520B020F471 /* Sources */ = {
			isa = PBXSourcesBuildPhase;
			buildActionMask = 2147483647;
			files = (
				7DD88743F16D52190D26A4C4 /* Codable+Fragmenta.swift in Sources */,
				CF2DCC8911E34E7429119776 /* IncomingImportDraft.swift in Sources */,
				E3304569695B58DDA19F8E81 /* ShareViewController.swift in Sources */,
				478E9AA263F8A89CFAFC2B70 /* SharedImportStore.swift in Sources */,
				79369803933D6378A40B3ED3 /* String+Fragmenta.swift in Sources */,
				2E8865296CC784961C3C899E /* TextImportLoader.swift in Sources */,
			);
			runOnlyForDeploymentPostprocessing = 0;
		};
		5DFDE5FFAE7B2A72A0A79786 /* Sources */ = {
			isa = PBXSourcesBuildPhase;
			buildActionMask = 2147483647;
			files = (
				B122FBCE21C43ACC44802978 /* APIClient.swift in Sources */,
				A610C532AC779FD8A434F2B9 /* APIEndpoint.swift in Sources */,
				636485EF05A9ADE3744A0EC3 /* APIError.swift in Sources */,
				A9DA223EC8F3096ECDAE5ACB /* AnyEncodable.swift in Sources */,
				166F3D76C2897E3F1A4F695F /* AppConfig.swift in Sources */,
				3A1258328E43A6DA11E894AC /* AppContainer.swift in Sources */,
				1E17AA097CCCEDA3EE5052CA /* AppPreferencesStore.swift in Sources */,
				17A2CA48C3E8817F71538D55 /* AppState.swift in Sources */,
				F8E844FAEE29C5A950EB7487 /* Book.swift in Sources */,
				474AB8EA86C4A513C22B1EAE /* BookCoverArtView.swift in Sources */,
				218199853CE413D85F68043D /* BookDetail.swift in Sources */,
				9E6223A570CF209BB594E02E /* BookDetailView.swift in Sources */,
				EE5BE8A35B9D8060A4E4E6BA /* BookDetailViewModel.swift in Sources */,
				48487FA9038F7F563CFC1BA1 /* BookDiscovery.swift in Sources */,
				1D6790564842763346F49734 /* BookShelfCardView.swift in Sources */,
				D237858DFDD768DE69E6494B /* BooksService.swift in Sources */,
				051BD74F9C212682A201483B /* ButtonStyles.swift in Sources */,
				E3D1301395CD9EACA1E4FF0C /* Codable+Fragmenta.swift in Sources */,
				7DEC3A38C1ACB8F8E0B4A3FF /* Collection.swift in Sources */,
				F2675F52903DE0E2AB681518 /* CollectionsService.swift in Sources */,
				B14FF078CCB62A87EE552141 /* CollectionsView.swift in Sources */,
				F803B87096A6FCCB3B0C3919 /* CollectionsViewModel.swift in Sources */,
				AF35CABA7F5B1F5B859C640F /* CoverImagePipeline.swift in Sources */,
				880507A0392BE49903053E7B /* Date+FragmentaFormatting.swift in Sources */,
				393FDC4F18D864C8A2FBD63F /* DiagnosticsStore.swift in Sources */,
				6FFDB4FDD7A2B57A00FE17BF /* DiscoveryService.swift in Sources */,
				538A45EBA5AD57FE6D0B3A58 /* ExportArtifact.swift in Sources */,
				98E6B07AE6B722F04188E6AD /* ExportService.swift in Sources */,
				FF4DB0BF3C1F24546C5E73BE /* FragmentaApp.swift in Sources */,
				1CB665FDB465510AB3FF8143 /* FragmentaCacheStore.swift in Sources */,
				90E546CAF0F336369FD168B2 /* FragmentaColor.swift in Sources */,
				0EA0C490EF881215734D8BC7 /* FragmentaRadius.swift in Sources */,
				D03BA7A02117D1B6B08F5C4E /* FragmentaSpacing.swift in Sources */,
				6EA1342E4643F0B8FFB772F7 /* FragmentaTypography.swift in Sources */,
				DA8FB679EF9FFE5AF290192E /* HTTPMethod.swift in Sources */,
				7E888AB87FFE7E2FAAA57F4F /* Highlight.swift in Sources */,
				0C847E58B4533B14FF7BFF83 /* HighlightCardView.swift in Sources */,
				EC4D19675E4FD0284BEB95F7 /* HighlightSearchResult.swift in Sources */,
				11524A84604EDC4A245466ED /* ImportPreview.swift in Sources */,
				73D124B87B9EED65418B38AF /* ImportRecord.swift in Sources */,
				161A934286CC6920ED522BEA /* ImportRequest.swift in Sources */,
				F1CA8EBCB81AEBE4159FB393 /* ImportResponse.swift in Sources */,
				E069ED71A1A24909B99F15A2 /* ImportService.swift in Sources */,
				36E2E13F2298F107BFD11C57 /* ImportView.swift in Sources */,
				9321813A42E2297378DAC1F2 /* ImportViewModel.swift in Sources */,
				96AFE5BBE842AF46662FCD7B /* IncomingImportDraft.swift in Sources */,
				FC5EB812C357CDA893729468 /* InsightsService.swift in Sources */,
				4E789C8508EA047C1EBF7DAF /* InsightsView.swift in Sources */,
				94D20A771400FE83B4DEF2A7 /* InsightsViewModel.swift in Sources */,
				9269D2B8F4BED7B77BD9186C /* KindleDocumentPicker.swift in Sources */,
				3EFFA6B3CAE8FA5D13D4F872 /* LibraryQuery.swift in Sources */,
				9793A57BEE638570ED4F372C /* LibraryView.swift in Sources */,
				2C2F1A8E8B67E075962AA82E /* LibraryViewMode.swift in Sources */,
				ABC100091100BDAD2F3D0D46 /* LibraryViewModel.swift in Sources */,
				0A39E38BC6EFD3E46ACE480A /* LiquidGlassSupport.swift in Sources */,
				D4C03E3D4BA8A364CCD7A0C0 /* LoadableState.swift in Sources */,
				B7B9397FB798378955486BF4 /* Pagination.swift in Sources */,
				700092B9A959EAD0C51B270A /* PreviewContainer.swift in Sources */,
				189D4D0CDB35D149573BAC50 /* PreviewFixtures.swift in Sources */,
				58D6AC0854289D8C1238D7AA /* ReadingInsights.swift in Sources */,
				0F1379B3623EB75E12E14EA0 /* RequestHeadersProviding.swift in Sources */,
				DA1C5F8C18EBEC158CD73D2A /* RootView.swift in Sources */,
				215A68FCD41733FC4055C76D /* ScreenBackground.swift in Sources */,
				EE3B89115946D0B4F8CF9688 /* SearchQuery.swift in Sources */,
				E2B66CACC5B2E57C12F6902A /* SearchResultRowView.swift in Sources */,
				B0E2CD91AD7A56E30EB3D24D /* SearchService.swift in Sources */,
				127416EF9F14A6D04BB4F310 /* SearchView.swift in Sources */,
				28A07602BC2D21293663C1EA /* SearchViewModel.swift in Sources */,
				16796422F5DCC1FB0019D090 /* SettingsView.swift in Sources */,
				85045650A1975D45503C33C7 /* SettingsViewModel.swift in Sources */,
				98F94AF3FBC8CF91531B1BAB /* ShareCardArtifact.swift in Sources */,
				39CDF62D9D80FE996E3DDF53 /* ShareCardService.swift in Sources */,
				BAFBFE53D89EFD6144D9228F /* SharedImportStore.swift in Sources */,
				26557B45F2FD1BAC6769FF29 /* String+Fragmenta.swift in Sources */,
				EEB33EEE600F01A414A364B9 /* SurfaceStyles.swift in Sources */,
				9FABB1C4F1DAB44A98DF753C /* TextImportLoader.swift in Sources */,
			);
			runOnlyForDeploymentPostprocessing = 0;
		};
/* End PBXSourcesBuildPhase section */

/* Begin PBXTargetDependency section */
		402470F6CE09E167FA2B2F27 /* PBXTargetDependency */ = {
			isa = PBXTargetDependency;
			target = 2C5DECDC4B5EBA386B076524 /* FragmentaShareExtension */;
			targetProxy = F1F45F5D56C6684024C91947 /* PBXContainerItemProxy */;
		};
/* End PBXTargetDependency section */

/* Begin XCBuildConfiguration section */
		06B28FCEA949D5F5C279D0A8 /* Release */ = {
			isa = XCBuildConfiguration;
			baseConfigurationReference = CD720D9647582D248D9E1ABC /* Release.xcconfig */;
			buildSettings = {
				CODE_SIGN_ENTITLEMENTS = Config/Fragmenta.entitlements;
				CODE_SIGN_IDENTITY = "iPhone Developer";
				CURRENT_PROJECT_VERSION = 6;
				LD_RUNPATH_SEARCH_PATHS = (
					"$(inherited)",
					"@executable_path/Frameworks",
				);
				MARKETING_VERSION = 0.6.0;
				PRODUCT_BUNDLE_IDENTIFIER = com.fragmenta.ios;
				PRODUCT_NAME = Fragmenta;
				SDKROOT = iphoneos;
				TARGETED_DEVICE_FAMILY = "1,2";
			};
			name = Release;
		};
		4BD5647E31D6AFCE405D18B6 /* Release */ = {
			isa = XCBuildConfiguration;
			baseConfigurationReference = CD720D9647582D248D9E1ABC /* Release.xcconfig */;
			buildSettings = {
				APPLICATION_EXTENSION_API_ONLY = YES;
				CODE_SIGN_ENTITLEMENTS = Config/FragmentaShareExtension.entitlements;
				CURRENT_PROJECT_VERSION = 6;
				INFOPLIST_FILE = "Config/ShareExtension-Info.plist";
				LD_RUNPATH_SEARCH_PATHS = (
					"$(inherited)",
					"@executable_path/Frameworks",
					"@executable_path/../../Frameworks",
				);
				MARKETING_VERSION = 0.6.0;
				PRODUCT_BUNDLE_IDENTIFIER = "$(FRAGMENTA_SHARE_EXTENSION_BUNDLE_IDENTIFIER)";
				PRODUCT_NAME = FragmentaShareExtension;
				SDKROOT = iphoneos;
				SKIP_INSTALL = YES;
				TARGETED_DEVICE_FAMILY = "1,2";
			};
			name = Release;
		};
		9E9C69122FF24FBE343C76C8 /* Release */ = {
			isa = XCBuildConfiguration;
			buildSettings = {
				ALWAYS_SEARCH_USER_PATHS = NO;
				ASSETCATALOG_COMPILER_APPICON_NAME = AppIcon;
				CLANG_ANALYZER_NONNULL = YES;
				CLANG_ANALYZER_NUMBER_OBJECT_CONVERSION = YES_AGGRESSIVE;
				CLANG_CXX_LANGUAGE_STANDARD = "gnu++14";
				CLANG_CXX_LIBRARY = "libc++";
				CLANG_ENABLE_MODULES = YES;
				CLANG_ENABLE_OBJC_ARC = YES;
				CLANG_ENABLE_OBJC_WEAK = YES;
				CLANG_WARN_BLOCK_CAPTURE_AUTORELEASING = YES;
				CLANG_WARN_BOOL_CONVERSION = YES;
				CLANG_WARN_COMMA = YES;
				CLANG_WARN_CONSTANT_CONVERSION = YES;
				CLANG_WARN_DEPRECATED_OBJC_IMPLEMENTATIONS = YES;
				CLANG_WARN_DIRECT_OBJC_ISA_USAGE = YES_ERROR;
				CLANG_WARN_DOCUMENTATION_COMMENTS = YES;
				CLANG_WARN_EMPTY_BODY = YES;
				CLANG_WARN_ENUM_CONVERSION = YES;
				CLANG_WARN_INFINITE_RECURSION = YES;
				CLANG_WARN_INT_CONVERSION = YES;
				CLANG_WARN_NON_LITERAL_NULL_CONVERSION = YES;
				CLANG_WARN_OBJC_IMPLICIT_RETAIN_SELF = YES;
				CLANG_WARN_OBJC_LITERAL_CONVERSION = YES;
				CLANG_WARN_OBJC_ROOT_CLASS = YES_ERROR;
				CLANG_WARN_QUOTED_INCLUDE_IN_FRAMEWORK_HEADER = YES;
				CLANG_WARN_RANGE_LOOP_ANALYSIS = YES;
				CLANG_WARN_STRICT_PROTOTYPES = YES;
				CLANG_WARN_SUSPICIOUS_MOVE = YES;
				CLANG_WARN_UNGUARDED_AVAILABILITY = YES_AGGRESSIVE;
				CLANG_WARN_UNREACHABLE_CODE = YES;
				CLANG_WARN__DUPLICATE_METHOD_MATCH = YES;
				CODE_SIGN_STYLE = Automatic;
				COPY_PHASE_STRIP = NO;
				DEBUG_INFORMATION_FORMAT = "dwarf-with-dsym";
				DEVELOPMENT_TEAM = "";
				ENABLE_NS_ASSERTIONS = NO;
				ENABLE_STRICT_OBJC_MSGSEND = YES;
				ENABLE_USER_SCRIPT_SANDBOXING = YES;
				GCC_C_LANGUAGE_STANDARD = gnu11;
				GCC_NO_COMMON_BLOCKS = YES;
				GCC_WARN_64_TO_32_BIT_CONVERSION = YES;
				GCC_WARN_ABOUT_RETURN_TYPE = YES_ERROR;
				GCC_WARN_UNDECLARED_SELECTOR = YES;
				GCC_WARN_UNINITIALIZED_AUTOS = YES_AGGRESSIVE;
				GCC_WARN_UNUSED_FUNCTION = YES;
				GCC_WARN_UNUSED_VARIABLE = YES;
				GENERATE_INFOPLIST_FILE = NO;
				INFOPLIST_FILE = Config/Info.plist;
				IPHONEOS_DEPLOYMENT_TARGET = 17.0;
				MTL_ENABLE_DEBUG_INFO = NO;
				MTL_FAST_MATH = YES;
				PRODUCT_NAME = "$(TARGET_NAME)";
				SDKROOT = iphoneos;
				SUPPORTS_MACCATALYST = NO;
				SWIFT_COMPILATION_MODE = wholemodule;
				SWIFT_OPTIMIZATION_LEVEL = "-O";
				SWIFT_VERSION = 5.1;
				TARGETED_DEVICE_FAMILY = "1,2";
			};
			name = Release;
		};
		B27A89ABE46AF96D74BB39F8 /* Debug */ = {
			isa = XCBuildConfiguration;
			baseConfigurationReference = 272E23610A47899026811352 /* Debug.xcconfig */;
			buildSettings = {
				CODE_SIGN_ENTITLEMENTS = Config/Fragmenta.entitlements;
				CODE_SIGN_IDENTITY = "iPhone Developer";
				CURRENT_PROJECT_VERSION = 6;
				LD_RUNPATH_SEARCH_PATHS = (
					"$(inherited)",
					"@executable_path/Frameworks",
				);
				MARKETING_VERSION = 0.6.0;
				PRODUCT_BUNDLE_IDENTIFIER = com.fragmenta.ios;
				PRODUCT_NAME = Fragmenta;
				SDKROOT = iphoneos;
				TARGETED_DEVICE_FAMILY = "1,2";
			};
			name = Debug;
		};
		DB31E5142A906F10ACD69130 /* Debug */ = {
			isa = XCBuildConfiguration;
			baseConfigurationReference = 272E23610A47899026811352 /* Debug.xcconfig */;
			buildSettings = {
				APPLICATION_EXTENSION_API_ONLY = YES;
				CODE_SIGN_ENTITLEMENTS = Config/FragmentaShareExtension.entitlements;
				CURRENT_PROJECT_VERSION = 6;
				INFOPLIST_FILE = "Config/ShareExtension-Info.plist";
				LD_RUNPATH_SEARCH_PATHS = (
					"$(inherited)",
					"@executable_path/Frameworks",
					"@executable_path/../../Frameworks",
				);
				MARKETING_VERSION = 0.6.0;
				PRODUCT_BUNDLE_IDENTIFIER = "$(FRAGMENTA_SHARE_EXTENSION_BUNDLE_IDENTIFIER)";
				PRODUCT_NAME = FragmentaShareExtension;
				SDKROOT = iphoneos;
				SKIP_INSTALL = YES;
				TARGETED_DEVICE_FAMILY = "1,2";
			};
			name = Debug;
		};
		E59EDDE0D9C18B7A7874D9E5 /* Debug */ = {
			isa = XCBuildConfiguration;
			buildSettings = {
				ALWAYS_SEARCH_USER_PATHS = NO;
				ASSETCATALOG_COMPILER_APPICON_NAME = AppIcon;
				CLANG_ANALYZER_NONNULL = YES;
				CLANG_ANALYZER_NUMBER_OBJECT_CONVERSION = YES_AGGRESSIVE;
				CLANG_CXX_LANGUAGE_STANDARD = "gnu++14";
				CLANG_CXX_LIBRARY = "libc++";
				CLANG_ENABLE_MODULES = YES;
				CLANG_ENABLE_OBJC_ARC = YES;
				CLANG_ENABLE_OBJC_WEAK = YES;
				CLANG_WARN_BLOCK_CAPTURE_AUTORELEASING = YES;
				CLANG_WARN_BOOL_CONVERSION = YES;
				CLANG_WARN_COMMA = YES;
				CLANG_WARN_CONSTANT_CONVERSION = YES;
				CLANG_WARN_DEPRECATED_OBJC_IMPLEMENTATIONS = YES;
				CLANG_WARN_DIRECT_OBJC_ISA_USAGE = YES_ERROR;
				CLANG_WARN_DOCUMENTATION_COMMENTS = YES;
				CLANG_WARN_EMPTY_BODY = YES;
				CLANG_WARN_ENUM_CONVERSION = YES;
				CLANG_WARN_INFINITE_RECURSION = YES;
				CLANG_WARN_INT_CONVERSION = YES;
				CLANG_WARN_NON_LITERAL_NULL_CONVERSION = YES;
				CLANG_WARN_OBJC_IMPLICIT_RETAIN_SELF = YES;
				CLANG_WARN_OBJC_LITERAL_CONVERSION = YES;
				CLANG_WARN_OBJC_ROOT_CLASS = YES_ERROR;
				CLANG_WARN_QUOTED_INCLUDE_IN_FRAMEWORK_HEADER = YES;
				CLANG_WARN_RANGE_LOOP_ANALYSIS = YES;
				CLANG_WARN_STRICT_PROTOTYPES = YES;
				CLANG_WARN_SUSPICIOUS_MOVE = YES;
				CLANG_WARN_UNGUARDED_AVAILABILITY = YES_AGGRESSIVE;
				CLANG_WARN_UNREACHABLE_CODE = YES;
				CLANG_WARN__DUPLICATE_METHOD_MATCH = YES;
				CODE_SIGN_STYLE = Automatic;
				COPY_PHASE_STRIP = NO;
				DEBUG_INFORMATION_FORMAT = dwarf;
				DEVELOPMENT_TEAM = "";
				ENABLE_STRICT_OBJC_MSGSEND = YES;
				ENABLE_TESTABILITY = YES;
				ENABLE_USER_SCRIPT_SANDBOXING = YES;
				GCC_C_LANGUAGE_STANDARD = gnu11;
				GCC_DYNAMIC_NO_PIC = NO;
				GCC_NO_COMMON_BLOCKS = YES;
				GCC_OPTIMIZATION_LEVEL = 0;
				GCC_PREPROCESSOR_DEFINITIONS = (
					"$(inherited)",
					"DEBUG=1",
				);
				GCC_WARN_64_TO_32_BIT_CONVERSION = YES;
				GCC_WARN_ABOUT_RETURN_TYPE = YES_ERROR;
				GCC_WARN_UNDECLARED_SELECTOR = YES;
				GCC_WARN_UNINITIALIZED_AUTOS = YES_AGGRESSIVE;
				GCC_WARN_UNUSED_FUNCTION = YES;
				GCC_WARN_UNUSED_VARIABLE = YES;
				GENERATE_INFOPLIST_FILE = NO;
				INFOPLIST_FILE = Config/Info.plist;
				IPHONEOS_DEPLOYMENT_TARGET = 17.0;
				MTL_ENABLE_DEBUG_INFO = INCLUDE_SOURCE;
				MTL_FAST_MATH = YES;
				ONLY_ACTIVE_ARCH = YES;
				PRODUCT_NAME = "$(TARGET_NAME)";
				SDKROOT = iphoneos;
				SUPPORTS_MACCATALYST = NO;
				SWIFT_ACTIVE_COMPILATION_CONDITIONS = DEBUG;
				SWIFT_OPTIMIZATION_LEVEL = "-Onone";
				SWIFT_VERSION = 5.1;
				TARGETED_DEVICE_FAMILY = "1,2";
			};
			name = Debug;
		};
/* End XCBuildConfiguration section */

/* Begin XCConfigurationList section */
		64BB6E2D9BC4A6DDE466A9A2 /* Build configuration list for PBXNativeTarget "FragmentaShareExtension" */ = {
			isa = XCConfigurationList;
			buildConfigurations = (
				DB31E5142A906F10ACD69130 /* Debug */,
				4BD5647E31D6AFCE405D18B6 /* Release */,
			);
			defaultConfigurationIsVisible = 0;
			defaultConfigurationName = Debug;
		};
		87819496601E09C53A6C36B9 /* Build configuration list for PBXNativeTarget "Fragmenta" */ = {
			isa = XCConfigurationList;
			buildConfigurations = (
				B27A89ABE46AF96D74BB39F8 /* Debug */,
				06B28FCEA949D5F5C279D0A8 /* Release */,
			);
			defaultConfigurationIsVisible = 0;
			defaultConfigurationName = Debug;
		};
		ED78957B24F91F0781004DA9 /* Build configuration list for PBXProject "Fragmenta" */ = {
			isa = XCConfigurationList;
			buildConfigurations = (
				E59EDDE0D9C18B7A7874D9E5 /* Debug */,
				9E9C69122FF24FBE343C76C8 /* Release */,
			);
			defaultConfigurationIsVisible = 0;
			defaultConfigurationName = Debug;
		};
/* End XCConfigurationList section */
	};
	rootObject = FC294DC2C1294B856BE1B920 /* Project object */;
}
